
Microsoft Visual Studio Solution File, Format Version 12.00
# Visual Studio Version 16
VisualStudioVersion = 16.0.30907.101
MinimumVisualStudioVersion = 10.0.40219.1
Project("{FAE04EC0-301F-11D3-BF4B-00C04F79EFBC}") = "Destructor", "Destructor\Destructor.csproj", "{77848E9D-0BA5-4C9E-B308-1D7437B496E8}"
EndProject
Global
	GlobalSection(SolutionConfigurationPlatforms) = preSolution
		Debug|Any CPU = Debug|Any CPU
		Release|Any CPU = Release|Any CPU
	EndGlobalSection
	GlobalSection(ProjectConfigurationPlatforms) = postSolution
		{77848E9D-0BA5-4C9E-B308-1D7437B496E8}.Debug|Any CPU.ActiveCfg = Debug|Any CPU
		{77848E9D-0BA5-4C9E-B308-1D7437B496E8}.Debug|Any CPU.Build.0 = Debug|Any CPU
		{77848E9D-0BA5-4C9E-B308-1D7437B496E8}.Release|Any CPU.ActiveCfg = Release|Any CPU
		{77848E9D-0BA5-4C9E-B308-1D7437B496E8}.Release|Any CPU.Build.0 = Release|Any CPU
	EndGlobalSection
	GlobalSection(SolutionProperties) = preSolution
		HideSolutionNode = FALSE
	EndGlobalSection
	GlobalSection(ExtensibilityGlobals) = postSolution
		SolutionGuid = {82272A69-5FAC-4595-84C7-536BB43CE64D}
	EndGlobalSection
EndGlobal
