
Microsoft Visual Studio Solution File, Format Version 12.00
# Visual Studio Version 16
VisualStudioVersion = 16.0.30907.101
MinimumVisualStudioVersion = 10.0.40219.1
Project("{FAE04EC0-301F-11D3-BF4B-00C04F79EFBC}") = "VariasInterfaz", "VariasInterfaz\VariasInterfaz.csproj", "{BF8979E1-1D71-4F28-9DB6-A73725243AFA}"
EndProject
Global
	GlobalSection(SolutionConfigurationPlatforms) = preSolution
		Debug|Any CPU = Debug|Any CPU
		Release|Any CPU = Release|Any CPU
	EndGlobalSection
	GlobalSection(ProjectConfigurationPlatforms) = postSolution
		{BF8979E1-1D71-4F28-9DB6-A73725243AFA}.Debug|Any CPU.ActiveCfg = Debug|Any CPU
		{BF8979E1-1D71-4F28-9DB6-A73725243AFA}.Debug|Any CPU.Build.0 = Debug|Any CPU
		{BF8979E1-1D71-4F28-9DB6-A73725243AFA}.Release|Any CPU.ActiveCfg = Release|Any CPU
		{BF8979E1-1D71-4F28-9DB6-A73725243AFA}.Release|Any CPU.Build.0 = Release|Any CPU
	EndGlobalSection
	GlobalSection(SolutionProperties) = preSolution
		HideSolutionNode = FALSE
	EndGlobalSection
	GlobalSection(ExtensibilityGlobals) = postSolution
		SolutionGuid = {B5EF63D2-2A57-4E6B-9DF1-11C20BE70DDC}
	EndGlobalSection
EndGlobal
