
Microsoft Visual Studio Solution File, Format Version 12.00
# Visual Studio Version 16
VisualStudioVersion = 16.0.30907.101
MinimumVisualStudioVersion = 10.0.40219.1
Project("{FAE04EC0-301F-11D3-BF4B-00C04F79EFBC}") = "Stack_Dictionary", "Stack_Dictionary\Stack_Dictionary.csproj", "{8DED3820-266E-4FEB-86F5-D98C935788C6}"
EndProject
Global
	GlobalSection(SolutionConfigurationPlatforms) = preSolution
		Debug|Any CPU = Debug|Any CPU
		Release|Any CPU = Release|Any CPU
	EndGlobalSection
	GlobalSection(ProjectConfigurationPlatforms) = postSolution
		{8DED3820-266E-4FEB-86F5-D98C935788C6}.Debug|Any CPU.ActiveCfg = Debug|Any CPU
		{8DED3820-266E-4FEB-86F5-D98C935788C6}.Debug|Any CPU.Build.0 = Debug|Any CPU
		{8DED3820-266E-4FEB-86F5-D98C935788C6}.Release|Any CPU.ActiveCfg = Release|Any CPU
		{8DED3820-266E-4FEB-86F5-D98C935788C6}.Release|Any CPU.Build.0 = Release|Any CPU
	EndGlobalSection
	GlobalSection(SolutionProperties) = preSolution
		HideSolutionNode = FALSE
	EndGlobalSection
	GlobalSection(ExtensibilityGlobals) = postSolution
		SolutionGuid = {FB01879B-9C3F-4C08-A265-5A625C7FD47B}
	EndGlobalSection
EndGlobal
