
Microsoft Visual Studio Solution File, Format Version 12.00
# Visual Studio Version 16
VisualStudioVersion = 16.0.30907.101
MinimumVisualStudioVersion = 10.0.40219.1
Project("{FAE04EC0-301F-11D3-BF4B-00C04F79EFBC}") = "ApiTodo", "ApiTodo\ApiTodo.csproj", "{B89B7D9C-A8C7-48B4-96BA-20419F73815A}"
EndProject
Global
	GlobalSection(SolutionConfigurationPlatforms) = preSolution
		Debug|Any CPU = Debug|Any CPU
		Release|Any CPU = Release|Any CPU
	EndGlobalSection
	GlobalSection(ProjectConfigurationPlatforms) = postSolution
		{B89B7D9C-A8C7-48B4-96BA-20419F73815A}.Debug|Any CPU.ActiveCfg = Debug|Any CPU
		{B89B7D9C-A8C7-48B4-96BA-20419F73815A}.Debug|Any CPU.Build.0 = Debug|Any CPU
		{B89B7D9C-A8C7-48B4-96BA-20419F73815A}.Release|Any CPU.ActiveCfg = Release|Any CPU
		{B89B7D9C-A8C7-48B4-96BA-20419F73815A}.Release|Any CPU.Build.0 = Release|Any CPU
	EndGlobalSection
	GlobalSection(SolutionProperties) = preSolution
		HideSolutionNode = FALSE
	EndGlobalSection
	GlobalSection(ExtensibilityGlobals) = postSolution
		SolutionGuid = {1C57E321-DFBA-4487-94C0-615F017F9813}
	EndGlobalSection
EndGlobal
