
Microsoft Visual Studio Solution File, Format Version 12.00
# Visual Studio Version 16
VisualStudioVersion = 16.0.30907.101
MinimumVisualStudioVersion = 10.0.40219.1
Project("{FAE04EC0-301F-11D3-BF4B-00C04F79EFBC}") = "C-A-SIIEL", "C-A-SIIEL.csproj", "{BB6C5C06-C4A4-4229-8360-8BF6D2A0A340}"
EndProject
Global
	GlobalSection(SolutionConfigurationPlatforms) = preSolution
		Debug|Any CPU = Debug|Any CPU
		Release|Any CPU = Release|Any CPU
	EndGlobalSection
	GlobalSection(ProjectConfigurationPlatforms) = postSolution
		{BB6C5C06-C4A4-4229-8360-8BF6D2A0A340}.Debug|Any CPU.ActiveCfg = Debug|Any CPU
		{BB6C5C06-C4A4-4229-8360-8BF6D2A0A340}.Debug|Any CPU.Build.0 = Debug|Any CPU
		{BB6C5C06-C4A4-4229-8360-8BF6D2A0A340}.Release|Any CPU.ActiveCfg = Release|Any CPU
		{BB6C5C06-C4A4-4229-8360-8BF6D2A0A340}.Release|Any CPU.Build.0 = Release|Any CPU
	EndGlobalSection
	GlobalSection(SolutionProperties) = preSolution
		HideSolutionNode = FALSE
	EndGlobalSection
	GlobalSection(ExtensibilityGlobals) = postSolution
		SolutionGuid = {01FFB545-4A15-4A43-A8AD-60E6B1F70333}
	EndGlobalSection
EndGlobal
