
Microsoft Visual Studio Solution File, Format Version 12.00
# Visual Studio Version 16
VisualStudioVersion = 16.0.30907.101
MinimumVisualStudioVersion = 10.0.40219.1
Project("{FAE04EC0-301F-11D3-BF4B-00C04F79EFBC}") = "Interface", "Interface\Interface.csproj", "{D5ADC67A-3EF2-4FD9-88C1-163ED61FCCCA}"
EndProject
Global
	GlobalSection(SolutionConfigurationPlatforms) = preSolution
		Debug|Any CPU = Debug|Any CPU
		Release|Any CPU = Release|Any CPU
	EndGlobalSection
	GlobalSection(ProjectConfigurationPlatforms) = postSolution
		{D5ADC67A-3EF2-4FD9-88C1-163ED61FCCCA}.Debug|Any CPU.ActiveCfg = Debug|Any CPU
		{D5ADC67A-3EF2-4FD9-88C1-163ED61FCCCA}.Debug|Any CPU.Build.0 = Debug|Any CPU
		{D5ADC67A-3EF2-4FD9-88C1-163ED61FCCCA}.Release|Any CPU.ActiveCfg = Release|Any CPU
		{D5ADC67A-3EF2-4FD9-88C1-163ED61FCCCA}.Release|Any CPU.Build.0 = Release|Any CPU
	EndGlobalSection
	GlobalSection(SolutionProperties) = preSolution
		HideSolutionNode = FALSE
	EndGlobalSection
	GlobalSection(ExtensibilityGlobals) = postSolution
		SolutionGuid = {2DE4D002-DC92-4922-9437-E5C051B186E7}
	EndGlobalSection
EndGlobal
