
Microsoft Visual Studio Solution File, Format Version 12.00
# Visual Studio Version 16
VisualStudioVersion = 16.0.30907.101
MinimumVisualStudioVersion = 10.0.40219.1
Project("{FAE04EC0-301F-11D3-BF4B-00C04F79EFBC}") = "ModFicheros", "ModFicheros\ModFicheros.csproj", "{2B84CA24-4BB8-4140-86A9-5CF101643726}"
EndProject
Global
	GlobalSection(SolutionConfigurationPlatforms) = preSolution
		Debug|Any CPU = Debug|Any CPU
		Release|Any CPU = Release|Any CPU
	EndGlobalSection
	GlobalSection(ProjectConfigurationPlatforms) = postSolution
		{2B84CA24-4BB8-4140-86A9-5CF101643726}.Debug|Any CPU.ActiveCfg = Debug|Any CPU
		{2B84CA24-4BB8-4140-86A9-5CF101643726}.Debug|Any CPU.Build.0 = Debug|Any CPU
		{2B84CA24-4BB8-4140-86A9-5CF101643726}.Release|Any CPU.ActiveCfg = Release|Any CPU
		{2B84CA24-4BB8-4140-86A9-5CF101643726}.Release|Any CPU.Build.0 = Release|Any CPU
	EndGlobalSection
	GlobalSection(SolutionProperties) = preSolution
		HideSolutionNode = FALSE
	EndGlobalSection
	GlobalSection(ExtensibilityGlobals) = postSolution
		SolutionGuid = {F6FE3868-72B5-4315-9AA6-29516E2EDE71}
	EndGlobalSection
EndGlobal
