
Microsoft Visual Studio Solution File, Format Version 12.00
# Visual Studio Version 16
VisualStudioVersion = 16.0.30907.101
MinimumVisualStudioVersion = 10.0.40219.1
Project("{FAE04EC0-301F-11D3-BF4B-00C04F79EFBC}") = "Enum-1", "Enum-1\Enum-1.csproj", "{EE52BBED-7994-474D-997A-B2D93E8266BF}"
EndProject
Global
	GlobalSection(SolutionConfigurationPlatforms) = preSolution
		Debug|Any CPU = Debug|Any CPU
		Release|Any CPU = Release|Any CPU
	EndGlobalSection
	GlobalSection(ProjectConfigurationPlatforms) = postSolution
		{EE52BBED-7994-474D-997A-B2D93E8266BF}.Debug|Any CPU.ActiveCfg = Debug|Any CPU
		{EE52BBED-7994-474D-997A-B2D93E8266BF}.Debug|Any CPU.Build.0 = Debug|Any CPU
		{EE52BBED-7994-474D-997A-B2D93E8266BF}.Release|Any CPU.ActiveCfg = Release|Any CPU
		{EE52BBED-7994-474D-997A-B2D93E8266BF}.Release|Any CPU.Build.0 = Release|Any CPU
	EndGlobalSection
	GlobalSection(SolutionProperties) = preSolution
		HideSolutionNode = FALSE
	EndGlobalSection
	GlobalSection(ExtensibilityGlobals) = postSolution
		SolutionGuid = {6CC3929A-43B0-406D-A27B-0B8ACB4E015D}
	EndGlobalSection
EndGlobal
