
Microsoft Visual Studio Solution File, Format Version 12.00
# Visual Studio Version 16
VisualStudioVersion = 16.0.30907.101
MinimumVisualStudioVersion = 10.0.40219.1
Project("{FAE04EC0-301F-11D3-BF4B-00C04F79EFBC}") = "WPF-PresFun-RadioButton", "WPF-PresFun-RadioButton\WPF-PresFun-RadioButton.csproj", "{C475BEDA-0534-41BB-823E-34E67ED66668}"
EndProject
Global
	GlobalSection(SolutionConfigurationPlatforms) = preSolution
		Debug|Any CPU = Debug|Any CPU
		Release|Any CPU = Release|Any CPU
	EndGlobalSection
	GlobalSection(ProjectConfigurationPlatforms) = postSolution
		{C475BEDA-0534-41BB-823E-34E67ED66668}.Debug|Any CPU.ActiveCfg = Debug|Any CPU
		{C475BEDA-0534-41BB-823E-34E67ED66668}.Debug|Any CPU.Build.0 = Debug|Any CPU
		{C475BEDA-0534-41BB-823E-34E67ED66668}.Release|Any CPU.ActiveCfg = Release|Any CPU
		{C475BEDA-0534-41BB-823E-34E67ED66668}.Release|Any CPU.Build.0 = Release|Any CPU
	EndGlobalSection
	GlobalSection(SolutionProperties) = preSolution
		HideSolutionNode = FALSE
	EndGlobalSection
	GlobalSection(ExtensibilityGlobals) = postSolution
		SolutionGuid = {CBC45EAF-DA89-4D34-BD59-EB00C2D40576}
	EndGlobalSection
EndGlobal
